// !$*UTF8*$!
{
	archiveVersion = 1;
	classes = {
	};
	objectVersion = 56;
	objects = {

/* Begin PBXBuildFile section */
		077FB809296D55E200241F78 /* AppDelegate.swift in Sources */ = {isa = PBXBuildFile; fileRef = 077FB808296D55E200241F78 /* AppDelegate.swift */; };
		077FB80B296D55E200241F78 /* SceneDelegate.swift in Sources */ = {isa = PBXBuildFile; fileRef = 077FB80A296D55E200241F78 /* SceneDelegate.swift */; };
		077FB80D296D55E200241F78 /* ViewController.swift in Sources */ = {isa = PBXBuildFile; fileRef = 077FB80C296D55E200241F78 /* ViewController.swift */; };
		077FB810296D55E200241F78 /* Main.storyboard in Resources */ = {isa = PBXBuildFile; fileRef = 077FB80E296D55E200241F78 /* Main.storyboard */; };
		077FB812296D55E500241F78 /* Assets.xcassets in Resources */ = {isa = PBXBuildFile; fileRef = 077FB811296D55E500241F78 /* Assets.xcassets */; };
		077FB815296D55E500241F78 /* LaunchScreen.storyboard in Resources */ = {isa = PBXBuildFile; fileRef = 077FB813296D55E500241F78 /* LaunchScreen.storyboard */; };
		077FB81D296D595F00241F78 /* MyViewController.swift in Sources */ = {isa = PBXBuildFile; fileRef = 077FB81C296D595F00241F78 /* MyViewController.swift */; };
		077FB820296D646600241F78 /* CarViewController.swift in Sources */ = {isa = PBXBuildFile; fileRef = 077FB81F296D646600241F78 /* CarViewController.swift */; };
		077FB822296D68CD00241F78 /* CarsHelper.swift in Sources */ = {isa = PBXBuildFile; fileRef = 077FB821296D68CD00241F78 /* CarsHelper.swift */; };
/* End PBXBuildFile section */

/* Begin PBXFileReference section */
		077FB805296D55E200241F78 /* UIPageViewControlle_Constraint.app */ = {isa = PBXFileReference; explicitFileType = wrapper.application; includeInIndex = 0; path = UIPageViewControlle_Constraint.app; sourceTree = BUILT_PRODUCTS_DIR; };
		077FB808296D55E200241F78 /* AppDelegate.swift */ = {isa = PBXFileReference; lastKnownFileType = sourcecode.swift; path = AppDelegate.swift; sourceTree = "<group>"; };
		077FB80A296D55E200241F78 /* SceneDelegate.swift */ = {isa = PBXFileReference; lastKnownFileType = sourcecode.swift; path = SceneDelegate.swift; sourceTree = "<group>"; };
		077FB80C296D55E200241F78 /* ViewController.swift */ = {isa = PBXFileReference; lastKnownFileType = sourcecode.swift; path = ViewController.swift; sourceTree = "<group>"; };
		077FB80F296D55E200241F78 /* Base */ = {isa = PBXFileReference; lastKnownFileType = file.storyboard; name = Base; path = Base.lproj/Main.storyboard; sourceTree = "<group>"; };
		077FB811296D55E500241F78 /* Assets.xcassets */ = {isa = PBXFileReference; lastKnownFileType = folder.assetcatalog; path = Assets.xcassets; sourceTree = "<group>"; };
		077FB814296D55E500241F78 /* Base */ = {isa = PBXFileReference; lastKnownFileType = file.storyboard; name = Base; path = Base.lproj/LaunchScreen.storyboard; sourceTree = "<group>"; };
		077FB816296D55E500241F78 /* Info.plist */ = {isa = PBXFileReference; lastKnownFileType = text.plist.xml; path = Info.plist; sourceTree = "<group>"; };
		077FB81C296D595F00241F78 /* MyViewController.swift */ = {isa = PBXFileReference; lastKnownFileType = sourcecode.swift; path = MyViewController.swift; sourceTree = "<group>"; };
		077FB81F296D646600241F78 /* CarViewController.swift */ = {isa = PBXFileReference; lastKnownFileType = sourcecode.swift; path = CarViewController.swift; sourceTree = "<group>"; };
		077FB821296D68CD00241F78 /* CarsHelper.swift */ = {isa = PBXFileReference; lastKnownFileType = sourcecode.swift; path = CarsHelper.swift; sourceTree = "<group>"; };
/* End PBXFileReference section */

/* Begin PBXFrameworksBuildPhase section */
		077FB802296D55E200241F78 /* Frameworks */ = {
			isa = PBXFrameworksBuildPhase;
			buildActionMask = 2147483647;
			files = (
			);
			runOnlyForDeploymentPostprocessing = 0;
		};
/* End PBXFrameworksBuildPhase section */

/* Begin PBXGroup section */
		077FB7FC296D55E200241F78 = {
			isa = PBXGroup;
			children = (
				077FB807296D55E200241F78 /* UIPageViewControlle_Constraint */,
				077FB806296D55E200241F78 /* Products */,
			);
			sourceTree = "<group>";
		};
		077FB806296D55E200241F78 /* Products */ = {
			isa = PBXGroup;
			children = (
				077FB805296D55E200241F78 /* UIPageViewControlle_Constraint.app */,
			);
			name = Products;
			sourceTree = "<group>";
		};
		077FB807296D55E200241F78 /* UIPageViewControlle_Constraint */ = {
			isa = PBXGroup;
			children = (
				077FB81E296D596300241F78 /* PageVC */,
				077FB808296D55E200241F78 /* AppDelegate.swift */,
				077FB80A296D55E200241F78 /* SceneDelegate.swift */,
				077FB80C296D55E200241F78 /* ViewController.swift */,
				077FB80E296D55E200241F78 /* Main.storyboard */,
				077FB811296D55E500241F78 /* Assets.xcassets */,
				077FB813296D55E500241F78 /* LaunchScreen.storyboard */,
				077FB816296D55E500241F78 /* Info.plist */,
			);
			path = UIPageViewControlle_Constraint;
			sourceTree = "<group>";
		};
		077FB81E296D596300241F78 /* PageVC */ = {
			isa = PBXGroup;
			children = (
				077FB81C296D595F00241F78 /* MyViewController.swift */,
				077FB81F296D646600241F78 /* CarViewController.swift */,
				077FB821296D68CD00241F78 /* CarsHelper.swift */,
			);
			path = PageVC;
			sourceTree = "<group>";
		};
/* End PBXGroup section */

/* Begin PBXNativeTarget section */
		077FB804296D55E200241F78 /* UIPageViewControlle_Constraint */ = {
			isa = PBXNativeTarget;
			buildConfigurationList = 077FB819296D55E500241F78 /* Build configuration list for PBXNativeTarget "UIPageViewControlle_Constraint" */;
			buildPhases = (
				077FB801296D55E200241F78 /* Sources */,
				077FB802296D55E200241F78 /* Frameworks */,
				077FB803296D55E200241F78 /* Resources */,
			);
			buildRules = (
			);
			dependencies = (
			);
			name = UIPageViewControlle_Constraint;
			productName = UIPageViewControlle_Constraint;
			productReference = 077FB805296D55E200241F78 /* UIPageViewControlle_Constraint.app */;
			productType = "com.apple.product-type.application";
		};
/* End PBXNativeTarget section */

/* Begin PBXProject section */
		077FB7FD296D55E200241F78 /* Project object */ = {
			isa = PBXProject;
			attributes = {
				BuildIndependentTargetsInParallel = 1;
				LastSwiftUpdateCheck = 1400;
				LastUpgradeCheck = 1400;
				TargetAttributes = {
					077FB804296D55E200241F78 = {
						CreatedOnToolsVersion = 14.0.1;
					};
				};
			};
			buildConfigurationList = 077FB800296D55E200241F78 /* Build configuration list for PBXProject "UIPageViewControlle_Constraint" */;
			compatibilityVersion = "Xcode 14.0";
			developmentRegion = en;
			hasScannedForEncodings = 0;
			knownRegions = (
				en,
				Base,
			);
			mainGroup = 077FB7FC296D55E200241F78;
			productRefGroup = 077FB806296D55E200241F78 /* Products */;
			projectDirPath = "";
			projectRoot = "";
			targets = (
				077FB804296D55E200241F78 /* UIPageViewControlle_Constraint */,
			);
		};
/* End PBXProject section */

/* Begin PBXResourcesBuildPhase section */
		077FB803296D55E200241F78 /* Resources */ = {
			isa = PBXResourcesBuildPhase;
			buildActionMask = 2147483647;
			files = (
				077FB815296D55E500241F78 /* LaunchScreen.storyboard in Resources */,
				077FB812296D55E500241F78 /* Assets.xcassets in Resources */,
				077FB810296D55E200241F78 /* Main.storyboard in Resources */,
			);
			runOnlyForDeploymentPostprocessing = 0;
		};
/* End PBXResourcesBuildPhase section */

/* Begin PBXSourcesBuildPhase section */
		077FB801296D55E200241F78 /* Sources */ = {
			isa = PBXSourcesBuildPhase;
			buildActionMask = 2147483647;
			files = (
				077FB820296D646600241F78 /* CarViewController.swift in Sources */,
				077FB80D296D55E200241F78 /* ViewController.swift in Sources */,
				077FB809296D55E200241F78 /* AppDelegate.swift in Sources */,
				077FB81D296D595F00241F78 /* MyViewController.swift in Sources */,
				077FB822296D68CD00241F78 /* CarsHelper.swift in Sources */,
				077FB80B296D55E200241F78 /* SceneDelegate.swift in Sources */,
			);
			runOnlyForDeploymentPostprocessing = 0;
		};
/* End PBXSourcesBuildPhase section */

/* Begin PBXVariantGroup section */
		077FB80E296D55E200241F78 /* Main.storyboard */ = {
			isa = PBXVariantGroup;
			children = (
				077FB80F296D55E200241F78 /* Base */,
			);
			name = Main.storyboard;
			sourceTree = "<group>";
		};
		077FB813296D55E500241F78 /* LaunchScreen.storyboard */ = {
			isa = PBXVariantGroup;
			children = (
				077FB814296D55E500241F78 /* Base */,
			);
			name = LaunchScreen.storyboard;
			sourceTree = "<group>";
		};
/* End PBXVariantGroup section */

/* Begin XCBuildConfiguration section */
		077FB817296D55E500241F78 /* Debug */ = {
			isa = XCBuildConfiguration;
			buildSettings = {
				ALWAYS_SEARCH_USER_PATHS = NO;
				CLANG_ANALYZER_NONNULL = YES;
				CLANG_ANALYZER_NUMBER_OBJECT_CONVERSION = YES_AGGRESSIVE;
				CLANG_CXX_LANGUAGE_STANDARD = "gnu++20";
				CLANG_ENABLE_MODULES = YES;
				CLANG_ENABLE_OBJC_ARC = YES;
				CLANG_ENABLE_OBJC_WEAK = YES;
				CLANG_WARN_BLOCK_CAPTURE_AUTORELEASING = YES;
				CLANG_WARN_BOOL_CONVERSION = YES;
				CLANG_WARN_COMMA = YES;
				CLANG_WARN_CONSTANT_CONVERSION = YES;
				CLANG_WARN_DEPRECATED_OBJC_IMPLEMENTATIONS = YES;
				CLANG_WARN_DIRECT_OBJC_ISA_USAGE = YES_ERROR;
				CLANG_WARN_DOCUMENTATION_COMMENTS = YES;
				CLANG_WARN_EMPTY_BODY = YES;
				CLANG_WARN_ENUM_CONVERSION = YES;
				CLANG_WARN_INFINITE_RECURSION = YES;
				CLANG_WARN_INT_CONVERSION = YES;
				CLANG_WARN_NON_LITERAL_NULL_CONVERSION = YES;
				CLANG_WARN_OBJC_IMPLICIT_RETAIN_SELF = YES;
				CLANG_WARN_OBJC_LITERAL_CONVERSION = YES;
				CLANG_WARN_OBJC_ROOT_CLASS = YES_ERROR;
				CLANG_WARN_QUOTED_INCLUDE_IN_FRAMEWORK_HEADER = YES;
				CLANG_WARN_RANGE_LOOP_ANALYSIS = YES;
				CLANG_WARN_STRICT_PROTOTYPES = YES;
				CLANG_WARN_SUSPICIOUS_MOVE = YES;
				CLANG_WARN_UNGUARDED_AVAILABILITY = YES_AGGRESSIVE;
				CLANG_WARN_UNREACHABLE_CODE = YES;
				CLANG_WARN__DUPLICATE_METHOD_MATCH = YES;
				COPY_PHASE_STRIP = NO;
				DEBUG_INFORMATION_FORMAT = dwarf;
				ENABLE_STRICT_OBJC_MSGSEND = YES;
				ENABLE_TESTABILITY = YES;
				GCC_C_LANGUAGE_STANDARD = gnu11;
				GCC_DYNAMIC_NO_PIC = NO;
				GCC_NO_COMMON_BLOCKS = YES;
				GCC_OPTIMIZATION_LEVEL = 0;
				GCC_PREPROCESSOR_DEFINITIONS = (
					"DEBUG=1",
					"$(inherited)",
				);
				GCC_WARN_64_TO_32_BIT_CONVERSION = YES;
				GCC_WARN_ABOUT_RETURN_TYPE = YES_ERROR;
				GCC_WARN_UNDECLARED_SELECTOR = YES;
				GCC_WARN_UNINITIALIZED_AUTOS = YES_AGGRESSIVE;
				GCC_WARN_UNUSED_FUNCTION = YES;
				GCC_WARN_UNUSED_VARIABLE = YES;
				IPHONEOS_DEPLOYMENT_TARGET = 16.0;
				MTL_ENABLE_DEBUG_INFO = INCLUDE_SOURCE;
				MTL_FAST_MATH = YES;
				ONLY_ACTIVE_ARCH = YES;
				SDKROOT = iphoneos;
				SWIFT_ACTIVE_COMPILATION_CONDITIONS = DEBUG;
				SWIFT_OPTIMIZATION_LEVEL = "-Onone";
			};
			name = Debug;
		};
		077FB818296D55E500241F78 /* Release */ = {
			isa = XCBuildConfiguration;
			buildSettings = {
				ALWAYS_SEARCH_USER_PATHS = NO;
				CLANG_ANALYZER_NONNULL = YES;
				CLANG_ANALYZER_NUMBER_OBJECT_CONVERSION = YES_AGGRESSIVE;
				CLANG_CXX_LANGUAGE_STANDARD = "gnu++20";
				CLANG_ENABLE_MODULES = YES;
				CLANG_ENABLE_OBJC_ARC = YES;
				CLANG_ENABLE_OBJC_WEAK = YES;
				CLANG_WARN_BLOCK_CAPTURE_AUTORELEASING = YES;
				CLANG_WARN_BOOL_CONVERSION = YES;
				CLANG_WARN_COMMA = YES;
				CLANG_WARN_CONSTANT_CONVERSION = YES;
				CLANG_WARN_DEPRECATED_OBJC_IMPLEMENTATIONS = YES;
				CLANG_WARN_DIRECT_OBJC_ISA_USAGE = YES_ERROR;
				CLANG_WARN_DOCUMENTATION_COMMENTS = YES;
				CLANG_WARN_EMPTY_BODY = YES;
				CLANG_WARN_ENUM_CONVERSION = YES;
				CLANG_WARN_INFINITE_RECURSION = YES;
				CLANG_WARN_INT_CONVERSION = YES;
				CLANG_WARN_NON_LITERAL_NULL_CONVERSION = YES;
				CLANG_WARN_OBJC_IMPLICIT_RETAIN_SELF = YES;
				CLANG_WARN_OBJC_LITERAL_CONVERSION = YES;
				CLANG_WARN_OBJC_ROOT_CLASS = YES_ERROR;
				CLANG_WARN_QUOTED_INCLUDE_IN_FRAMEWORK_HEADER = YES;
				CLANG_WARN_RANGE_LOOP_ANALYSIS = YES;
				CLANG_WARN_STRICT_PROTOTYPES = YES;
				CLANG_WARN_SUSPICIOUS_MOVE = YES;
				CLANG_WARN_UNGUARDED_AVAILABILITY = YES_AGGRESSIVE;
				CLANG_WARN_UNREACHABLE_CODE = YES;
				CLANG_WARN__DUPLICATE_METHOD_MATCH = YES;
				COPY_PHASE_STRIP = NO;
				DEBUG_INFORMATION_FORMAT = "dwarf-with-dsym";
				ENABLE_NS_ASSERTIONS = NO;
				ENABLE_STRICT_OBJC_MSGSEND = YES;
				GCC_C_LANGUAGE_STANDARD = gnu11;
				GCC_NO_COMMON_BLOCKS = YES;
				GCC_WARN_64_TO_32_BIT_CONVERSION = YES;
				GCC_WARN_ABOUT_RETURN_TYPE = YES_ERROR;
				GCC_WARN_UNDECLARED_SELECTOR = YES;
				GCC_WARN_UNINITIALIZED_AUTOS = YES_AGGRESSIVE;
				GCC_WARN_UNUSED_FUNCTION = YES;
				GCC_WARN_UNUSED_VARIABLE = YES;
				IPHONEOS_DEPLOYMENT_TARGET = 16.0;
				MTL_ENABLE_DEBUG_INFO = NO;
				MTL_FAST_MATH = YES;
				SDKROOT = iphoneos;
				SWIFT_COMPILATION_MODE = wholemodule;
				SWIFT_OPTIMIZATION_LEVEL = "-O";
				VALIDATE_PRODUCT = YES;
			};
			name = Release;
		};
		077FB81A296D55E500241F78 /* Debug */ = {
			isa = XCBuildConfiguration;
			buildSettings = {
				ASSETCATALOG_COMPILER_APPICON_NAME = AppIcon;
				ASSETCATALOG_COMPILER_GLOBAL_ACCENT_COLOR_NAME = AccentColor;
				CODE_SIGN_STYLE = Automatic;
				CURRENT_PROJECT_VERSION = 1;
				GENERATE_INFOPLIST_FILE = YES;
				INFOPLIST_FILE = UIPageViewControlle_Constraint/Info.plist;
				INFOPLIST_KEY_UIApplicationSupportsIndirectInputEvents = YES;
				INFOPLIST_KEY_UILaunchStoryboardName = LaunchScreen;
				INFOPLIST_KEY_UIMainStoryboardFile = Main;
				INFOPLIST_KEY_UISupportedInterfaceOrientations_iPad = "UIInterfaceOrientationPortrait UIInterfaceOrientationPortraitUpsideDown UIInterfaceOrientationLandscapeLeft UIInterfaceOrientationLandscapeRight";
				INFOPLIST_KEY_UISupportedInterfaceOrientations_iPhone = "UIInterfaceOrientationPortrait UIInterfaceOrientationLandscapeLeft UIInterfaceOrientationLandscapeRight";
				LD_RUNPATH_SEARCH_PATHS = (
					"$(inherited)",
					"@executable_path/Frameworks",
				);
				MARKETING_VERSION = 1.0;
				PRODUCT_BUNDLE_IDENTIFIER = "ru.DanilTT.UIPageViewControlle-Constraint";
				PRODUCT_NAME = "$(TARGET_NAME)";
				SWIFT_EMIT_LOC_STRINGS = YES;
				SWIFT_VERSION = 5.0;
				TARGETED_DEVICE_FAMILY = "1,2";
			};
			name = Debug;
		};
		077FB81B296D55E500241F78 /* Release */ = {
			isa = XCBuildConfiguration;
			buildSettings = {
				ASSETCATALOG_COMPILER_APPICON_NAME = AppIcon;
				ASSETCATALOG_COMPILER_GLOBAL_ACCENT_COLOR_NAME = AccentColor;
				CODE_SIGN_STYLE = Automatic;
				CURRENT_PROJECT_VERSION = 1;
				GENERATE_INFOPLIST_FILE = YES;
				INFOPLIST_FILE = UIPageViewControlle_Constraint/Info.plist;
				INFOPLIST_KEY_UIApplicationSupportsIndirectInputEvents = YES;
				INFOPLIST_KEY_UILaunchStoryboardName = LaunchScreen;
				INFOPLIST_KEY_UIMainStoryboardFile = Main;
				INFOPLIST_KEY_UISupportedInterfaceOrientations_iPad = "UIInterfaceOrientationPortrait UIInterfaceOrientationPortraitUpsideDown UIInterfaceOrientationLandscapeLeft UIInterfaceOrientationLandscapeRight";
				INFOPLIST_KEY_UISupportedInterfaceOrientations_iPhone = "UIInterfaceOrientationPortrait UIInterfaceOrientationLandscapeLeft UIInterfaceOrientationLandscapeRight";
				LD_RUNPATH_SEARCH_PATHS = (
					"$(inherited)",
					"@executable_path/Frameworks",
				);
				MARKETING_VERSION = 1.0;
				PRODUCT_BUNDLE_IDENTIFIER = "ru.DanilTT.UIPageViewControlle-Constraint";
				PRODUCT_NAME = "$(TARGET_NAME)";
				SWIFT_EMIT_LOC_STRINGS = YES;
				SWIFT_VERSION = 5.0;
				TARGETED_DEVICE_FAMILY = "1,2";
			};
			name = Release;
		};
/* End XCBuildConfiguration section */

/* Begin XCConfigurationList section */
		077FB800296D55E200241F78 /* Build configuration list for PBXProject "UIPageViewControlle_Constraint" */ = {
			isa = XCConfigurationList;
			buildConfigurations = (
				077FB817296D55E500241F78 /* Debug */,
				077FB818296D55E500241F78 /* Release */,
			);
			defaultConfigurationIsVisible = 0;
			defaultConfigurationName = Release;
		};
		077FB819296D55E500241F78 /* Build configuration list for PBXNativeTarget "UIPageViewControlle_Constraint" */ = {
			isa = XCConfigurationList;
			buildConfigurations = (
				077FB81A296D55E500241F78 /* Debug */,
				077FB81B296D55E500241F78 /* Release */,
			);
			defaultConfigurationIsVisible = 0;
			defaultConfigurationName = Release;
		};
/* End XCConfigurationList section */
	};
	rootObject = 077FB7FD296D55E200241F78 /* Project object */;
}
